{
  "version": 4,
  "terraform_version": "0.12.20",
  "serial": 4,
  "lineage": "ceff31bf-abb4-b51c-be78-57be8e001e93",
  "outputs": {},
  "resources": [
    {
      "mode": "data",
      "type": "vultr_ssh_key",
      "name": "terraform_key",
      "provider": "provider.vultr",
      "instances": [
        {
          "schema_version": 0,
          "attributes": {
            "date_created": "2020-05-24 14:15:31",
            "filter": [
              {
                "name": "name",
                "values": [
                  "terraform_key"
                ]
              }
            ],
            "id": "5eca81836c383",
            "name": "terraform_key",
            "ssh_key": "ssh-rsa AAAAB3NzaC1yc2EAAAADAQABAAABgQDD1/NhT86ZUz5DCmTPo3lV8iDh7acx0nhCKXmg8zVJcScdJbaq359MUiPAv5Mfz5xKiQWQtuuVPr3SYL8eRI+Kf2uWGYCErzcI8N1bqOPp5GJHeXueqW31YxBr/Y2IKyrsFmoAaUdXogopnGP/V8reJ7tQOyEmufUgGBLSkyE66HbmA4Y6GIPCRpaj1yYC9yagr2TxG0Z5XLDVK2Ssdtb+flMtwkV+HkXPoL/+BnE1kFYANpsK5zBAaNiMLesxb8fsTcxE5z1eK+/Ns4f0MeVAFmO8PdUJsBAE38VEPjSMVBmFHD5z+uY9xDmo9UGb5wexW+kDEOBdeNwaUNRBNxH3t3MaOmQ1vSHH9Dt3DI39QuimYQneLt+e3oKJoIGL5Stj+OiTXmlBFVk9KfJAskn9JTt211Wyb+y9Sibt+IjM7TEPC9BQtqheiQ/EDDiY5pFl9oA7hXqiqc1R7hl2nG3ld5wtAfQSFgWcxgfSguuXxdpD6dOGsiQBqsTIVok+2i8= root@vultrguest"
          }
        }
      ]
    },
    {
      "mode": "managed",
      "type": "vultr_firewall_group",
      "name": "web_firewall",
      "provider": "provider.vultr",
      "instances": [
        {
          "schema_version": 0,
          "attributes": {
            "date_created": "2020-06-29 20:13:04",
            "date_modified": "2020-06-29 20:13:04",
            "description": "web_firewall",
            "id": "1d02adca",
            "instance_count": 0,
            "max_rule_count": 50,
            "rule_count": 0
          },
          "private": "bnVsbA=="
        }
      ]
    },
    {
      "mode": "managed",
      "type": "vultr_firewall_rule",
      "name": "https_firewall_rule",
      "provider": "provider.vultr",
      "instances": [
        {
          "schema_version": 0,
          "attributes": {
            "firewall_group_id": "1d02adca",
            "from_port": 443,
            "id": "1",
            "ip_type": "v4",
            "network": "0.0.0.0/0",
            "notes": "",
            "protocol": "tcp",
            "to_port": 0
          },
          "private": "bnVsbA==",
          "dependencies": [
            "vultr_firewall_group.web_firewall"
          ]
        }
      ]
    },
    {
      "mode": "managed",
      "type": "vultr_firewall_rule",
      "name": "web_firewall_rule",
      "provider": "provider.vultr",
      "instances": [
        {
          "schema_version": 0,
          "attributes": {
            "firewall_group_id": "1d02adca",
            "from_port": 80,
            "id": "2",
            "ip_type": "v4",
            "network": "0.0.0.0/0",
            "notes": "",
            "protocol": "tcp",
            "to_port": 0
          },
          "private": "bnVsbA==",
          "dependencies": [
            "vultr_firewall_group.web_firewall"
          ]
        }
      ]
    },
    {
      "mode": "managed",
      "type": "vultr_server",
      "name": "web",
      "provider": "provider.vultr",
      "instances": [
        {
          "status": "tainted",
          "schema_version": 0,
          "attributes": {
            "allowed_bandwidth": "1000",
            "app_id": 0,
            "auto_backup": null,
            "cost_per_month": "5.00",
            "current_bandwidth": 0,
            "date_created": "2020-06-29 20:13:04",
            "ddos_protection": null,
            "default_password": "4_Mbyp@18t12}U7r",
            "disk": "Virtual 25 GB",
            "enable_ipv6": null,
            "enable_private_network": null,
            "firewall_group_id": "1d02adca",
            "gateway_v4": "45.76.198.1",
            "hostname": "webserver",
            "id": "38765612",
            "internal_ip": "",
            "iso_id": null,
            "kvm_url": "https://my.vultr.com/subs/vps/novnc/api.php?data=djJ8RlVDVWM3Rmw4anRxcmdFOXNPSnhyd1dPVnlMWGJ4Vnd8LZBM5bh041n2xenP0rIbTdTCmVBOFSdyAq-gX1MOndiwdChRwnyvhzNwQqzrh-XDj9bvUSl_DwXUYWqQ3q1_S1uDF-PaQTtb7PDuWX0DnOJ238XHiGf9ImXApO5KkZZHJWNTdmWn32uyZ_fwnItXgOSYAOX15--WQf3mJg5LzTyYeaME",
            "label": "webserver",
            "location": "Tokyo",
            "main_ip": "45.76.198.165",
            "netmask_v4": "255.255.254.0",
            "network_ids": [],
            "network_ips": {},
            "network_macs": {},
            "notify_activate": null,
            "os": "CentOS SELinux 7 x64",
            "os_id": 381,
            "pending_charges": "0.01",
            "plan_id": 201,
            "power_status": "running",
            "ram": "1024 MB",
            "region_id": 25,
            "reserved_ip": null,
            "script_id": null,
            "server_state": "installingbooting",
            "snapshot_id": null,
            "ssh_key_ids": [
              "5eca81836c383"
            ],
            "status": "active",
            "tag": "infra",
            "user_data": null,
            "v6_networks": [],
            "vps_cpu_count": "1"
          },
          "private": "bnVsbA==",
          "dependencies": [
            "vultr_firewall_group.web_firewall"
          ]
        }
      ]
    }
  ]
}
