{
  "version": 4,
  "terraform_version": "0.12.20",
  "serial": 28,
  "lineage": "4645d8d0-68e0-f563-3822-302400c55614",
  "outputs": {
    "main_ip": {
      "value": "45.77.209.37",
      "type": "string"
    }
  },
  "resources": [
    {
      "mode": "data",
      "type": "vultr_ssh_key",
      "name": "terraform_key",
      "provider": "provider.vultr",
      "instances": [
        {
          "schema_version": 0,
          "attributes": {
            "date_created": "2020-05-24 14:15:31",
            "filter": [
              {
                "name": "name",
                "values": [
                  "terraform_key"
                ]
              }
            ],
            "id": "5eca81836c383",
            "name": "terraform_key",
            "ssh_key": "ssh-rsa AAAAB3NzaC1yc2EAAAADAQABAAABgQDD1/NhT86ZUz5DCmTPo3lV8iDh7acx0nhCKXmg8zVJcScdJbaq359MUiPAv5Mfz5xKiQWQtuuVPr3SYL8eRI+Kf2uWGYCErzcI8N1bqOPp5GJHeXueqW31YxBr/Y2IKyrsFmoAaUdXogopnGP/V8reJ7tQOyEmufUgGBLSkyE66HbmA4Y6GIPCRpaj1yYC9yagr2TxG0Z5XLDVK2Ssdtb+flMtwkV+HkXPoL/+BnE1kFYANpsK5zBAaNiMLesxb8fsTcxE5z1eK+/Ns4f0MeVAFmO8PdUJsBAE38VEPjSMVBmFHD5z+uY9xDmo9UGb5wexW+kDEOBdeNwaUNRBNxH3t3MaOmQ1vSHH9Dt3DI39QuimYQneLt+e3oKJoIGL5Stj+OiTXmlBFVk9KfJAskn9JTt211Wyb+y9Sibt+IjM7TEPC9BQtqheiQ/EDDiY5pFl9oA7hXqiqc1R7hl2nG3ld5wtAfQSFgWcxgfSguuXxdpD6dOGsiQBqsTIVok+2i8= root@vultrguest"
          }
        }
      ]
    },
    {
      "mode": "managed",
      "type": "vultr_firewall_group",
      "name": "frostcull_firewall",
      "provider": "provider.vultr",
      "instances": [
        {
          "schema_version": 0,
          "attributes": {
            "date_created": "2020-08-13 23:28:54",
            "date_modified": "2020-08-13 23:28:54",
            "description": "frostcull_firewall",
            "id": "300f4610",
            "instance_count": 0,
            "max_rule_count": 50,
            "rule_count": 0
          },
          "private": "bnVsbA=="
        }
      ]
    },
    {
      "mode": "managed",
      "type": "vultr_firewall_rule",
      "name": "frostcull_login_firewall_rule",
      "provider": "provider.vultr",
      "instances": [
        {
          "schema_version": 0,
          "attributes": {
            "firewall_group_id": "300f4610",
            "from_port": 44453,
            "id": "2",
            "ip_type": "v4",
            "network": "0.0.0.0/0",
            "notes": "",
            "protocol": "tcp",
            "to_port": 0
          },
          "private": "bnVsbA==",
          "dependencies": [
            "vultr_firewall_group.frostcull_firewall"
          ]
        }
      ]
    },
    {
      "mode": "managed",
      "type": "vultr_firewall_rule",
      "name": "orb_firewall_rule",
      "provider": "provider.vultr",
      "instances": [
        {
          "schema_version": 0,
          "attributes": {
            "firewall_group_id": "300f4610",
            "from_port": 44419,
            "id": "3",
            "ip_type": "v4",
            "network": "0.0.0.0/0",
            "notes": "",
            "protocol": "tcp",
            "to_port": 0
          },
          "private": "bnVsbA==",
          "dependencies": [
            "vultr_firewall_group.frostcull_firewall"
          ]
        }
      ]
    },
    {
      "mode": "managed",
      "type": "vultr_firewall_rule",
      "name": "ping_firewall_rule",
      "provider": "provider.vultr",
      "instances": [
        {
          "schema_version": 0,
          "attributes": {
            "firewall_group_id": "300f4610",
            "from_port": 44462,
            "id": "4",
            "ip_type": "v4",
            "network": "0.0.0.0/0",
            "notes": "",
            "protocol": "tcp",
            "to_port": 0
          },
          "private": "bnVsbA==",
          "dependencies": [
            "vultr_firewall_group.frostcull_firewall"
          ]
        }
      ]
    },
    {
      "mode": "managed",
      "type": "vultr_firewall_rule",
      "name": "ssh_firewall_rule",
      "provider": "provider.vultr",
      "instances": [
        {
          "schema_version": 0,
          "attributes": {
            "firewall_group_id": "300f4610",
            "from_port": 22,
            "id": "5",
            "ip_type": "v4",
            "network": "0.0.0.0/0",
            "notes": "",
            "protocol": "tcp",
            "to_port": 0
          },
          "private": "bnVsbA==",
          "dependencies": [
            "vultr_firewall_group.frostcull_firewall"
          ]
        }
      ]
    },
    {
      "mode": "managed",
      "type": "vultr_firewall_rule",
      "name": "status_firewall_rule",
      "provider": "provider.vultr",
      "instances": [
        {
          "schema_version": 0,
          "attributes": {
            "firewall_group_id": "300f4610",
            "from_port": 44455,
            "id": "6",
            "ip_type": "v4",
            "network": "0.0.0.0/0",
            "notes": "",
            "protocol": "tcp",
            "to_port": 0
          },
          "private": "bnVsbA==",
          "dependencies": [
            "vultr_firewall_group.frostcull_firewall"
          ]
        }
      ]
    },
    {
      "mode": "managed",
      "type": "vultr_firewall_rule",
      "name": "web_firewall_rule",
      "provider": "provider.vultr",
      "instances": [
        {
          "schema_version": 0,
          "attributes": {
            "firewall_group_id": "300f4610",
            "from_port": 44460,
            "id": "1",
            "ip_type": "v4",
            "network": "0.0.0.0/0",
            "notes": "",
            "protocol": "tcp",
            "to_port": 0
          },
          "private": "bnVsbA==",
          "dependencies": [
            "vultr_firewall_group.frostcull_firewall"
          ]
        }
      ]
    },
    {
      "mode": "managed",
      "type": "vultr_server",
      "name": "frostcull",
      "provider": "provider.vultr",
      "instances": [
        {
          "schema_version": 0,
          "attributes": {
            "allowed_bandwidth": "4000",
            "app_id": 0,
            "auto_backup": true,
            "cost_per_month": "40.00",
            "current_bandwidth": 0,
            "date_created": "2020-08-13 23:28:54",
            "ddos_protection": true,
            "default_password": "M7q*B.!tD-RZRJFM",
            "disk": "Virtual 160 GB",
            "enable_ipv6": null,
            "enable_private_network": null,
            "firewall_group_id": "300f4610",
            "gateway_v4": "45.77.208.1",
            "hostname": "frostcull",
            "id": "39870707",
            "internal_ip": "",
            "iso_id": null,
            "kvm_url": "https://my.vultr.com/subs/vps/novnc/api.php?data=djJ8d3JoLUFJVGNiSXluSVNLZWpTZVcwenlkcnY4Z0hPMnh88n51qnht5lzW0XJfGrNtfk75cXvKEJb-ItqJZid1Ae1hRZiBEB5CnBvOgC75_5Rv0AX2EmepWTwJYD_P08ouT_rlPBCmhpnJz-UuI45s-MCFNc1VXlFWNT2kPCMaoFkRxsXbVHkebhXLTkRf0Y51YRQt96uVHPBzB4HvTEQSs7dwv4bE",
            "label": "frostcull",
            "location": "Seattle",
            "main_ip": "45.77.209.37",
            "netmask_v4": "255.255.254.0",
            "network_ids": [],
            "network_ips": {},
            "network_macs": {},
            "notify_activate": null,
            "os": "CentOS 7 x64",
            "os_id": 167,
            "pending_charges": "0.10",
            "plan_id": 204,
            "power_status": "running",
            "ram": "8192 MB",
            "region_id": 4,
            "reserved_ip": null,
            "script_id": null,
            "server_state": "installingbooting",
            "snapshot_id": null,
            "ssh_key_ids": [
              "5eca81836c383"
            ],
            "status": "active",
            "tag": "infra",
            "user_data": null,
            "v6_networks": [],
            "vps_cpu_count": "4"
          },
          "private": "bnVsbA==",
          "dependencies": [
            "vultr_firewall_group.frostcull_firewall"
          ]
        }
      ]
    }
  ]
}
